
Microsoft Visual Studio Solution File, Format Version 12.00
# Visual Studio Version 17
VisualStudioVersion = 17.6.33829.357
MinimumVisualStudioVersion = 10.0.40219.1
Project("{FAE04EC0-301F-11D3-BF4B-00C04F79EFBC}") = "Moon Coffee", "Moon Coffee\Moon Coffee.csproj", "{541C595E-B159-4126-9A92-BAA1E688D505}"
EndProject
Global
	GlobalSection(SolutionConfigurationPlatforms) = preSolution
		Debug|Any CPU = Debug|Any CPU
		Release|Any CPU = Release|Any CPU
	EndGlobalSection
	GlobalSection(ProjectConfigurationPlatforms) = postSolution
		{541C595E-B159-4126-9A92-BAA1E688D505}.Debug|Any CPU.ActiveCfg = Debug|Any CPU
		{541C595E-B159-4126-9A92-BAA1E688D505}.Debug|Any CPU.Build.0 = Debug|Any CPU
		{541C595E-B159-4126-9A92-BAA1E688D505}.Release|Any CPU.ActiveCfg = Release|Any CPU
		{541C595E-B159-4126-9A92-BAA1E688D505}.Release|Any CPU.Build.0 = Release|Any CPU
	EndGlobalSection
	GlobalSection(SolutionProperties) = preSolution
		HideSolutionNode = FALSE
	EndGlobalSection
	GlobalSection(ExtensibilityGlobals) = postSolution
		SolutionGuid = {3557AA08-89A5-4421-BF78-9902446AF9CB}
	EndGlobalSection
EndGlobal
